// !$*UTF8*$!
{
	archiveVersion = 1;
	classes = {
	};
	objectVersion = 50;
	objects = {

/* Begin PBXBuildFile section */
		60491551CB2F774175D36A65 /* libPods-ParseChat.a in Frameworks */ = {isa = PBXBuildFile; fileRef = 14FD4406E44092A01BF860E3 /* libPods-ParseChat.a */; };
		BE3A3F1920F3DBFB0073BCDB /* ChatCell.m in Sources */ = {isa = PBXBuildFile; fileRef = BE3A3F1820F3DBFB0073BCDB /* ChatCell.m */; };
		BE59F62420F3CFEC0099D6ED /* AppDelegate.m in Sources */ = {isa = PBXBuildFile; fileRef = BE59F62320F3CFEC0099D6ED /* AppDelegate.m */; };
		BE59F62720F3CFEC0099D6ED /* ViewController.m in Sources */ = {isa = PBXBuildFile; fileRef = BE59F62620F3CFEC0099D6ED /* ViewController.m */; };
		BE59F62A20F3CFEC0099D6ED /* Main.storyboard in Resources */ = {isa = PBXBuildFile; fileRef = BE59F62820F3CFEC0099D6ED /* Main.storyboard */; };
		BE59F62C20F3CFEE0099D6ED /* Assets.xcassets in Resources */ = {isa = PBXBuildFile; fileRef = BE59F62B20F3CFEE0099D6ED /* Assets.xcassets */; };
		BE59F62F20F3CFEE0099D6ED /* LaunchScreen.storyboard in Resources */ = {isa = PBXBuildFile; fileRef = BE59F62D20F3CFEE0099D6ED /* LaunchScreen.storyboard */; };
		BE59F63220F3CFEE0099D6ED /* main.m in Sources */ = {isa = PBXBuildFile; fileRef = BE59F63120F3CFEE0099D6ED /* main.m */; };
		BE59F63A20F3D1300099D6ED /* LoginViewController.m in Sources */ = {isa = PBXBuildFile; fileRef = BE59F63920F3D1300099D6ED /* LoginViewController.m */; };
		BE59F63D20F3D6C00099D6ED /* ChatViewController.m in Sources */ = {isa = PBXBuildFile; fileRef = BE59F63C20F3D6C00099D6ED /* ChatViewController.m */; };
/* End PBXBuildFile section */

/* Begin PBXFileReference section */
		14FD4406E44092A01BF860E3 /* libPods-ParseChat.a */ = {isa = PBXFileReference; explicitFileType = archive.ar; includeInIndex = 0; path = "libPods-ParseChat.a"; sourceTree = BUILT_PRODUCTS_DIR; };
		5F76241A5D545BF7A4CA3C93 /* Pods-ParseChat.debug.xcconfig */ = {isa = PBXFileReference; includeInIndex = 1; lastKnownFileType = text.xcconfig; name = "Pods-ParseChat.debug.xcconfig"; path = "Pods/Target Support Files/Pods-ParseChat/Pods-ParseChat.debug.xcconfig"; sourceTree = "<group>"; };
		5FEABAF2D85083CBFFAFB85B /* Pods-ParseChat.release.xcconfig */ = {isa = PBXFileReference; includeInIndex = 1; lastKnownFileType = text.xcconfig; name = "Pods-ParseChat.release.xcconfig"; path = "Pods/Target Support Files/Pods-ParseChat/Pods-ParseChat.release.xcconfig"; sourceTree = "<group>"; };
		BE3A3F1720F3DBFB0073BCDB /* ChatCell.h */ = {isa = PBXFileReference; lastKnownFileType = sourcecode.c.h; path = ChatCell.h; sourceTree = "<group>"; };
		BE3A3F1820F3DBFB0073BCDB /* ChatCell.m */ = {isa = PBXFileReference; lastKnownFileType = sourcecode.c.objc; path = ChatCell.m; sourceTree = "<group>"; };
		BE59F61F20F3CFEC0099D6ED /* ParseChat.app */ = {isa = PBXFileReference; explicitFileType = wrapper.application; includeInIndex = 0; path = ParseChat.app; sourceTree = BUILT_PRODUCTS_DIR; };
		BE59F62220F3CFEC0099D6ED /* AppDelegate.h */ = {isa = PBXFileReference; lastKnownFileType = sourcecode.c.h; path = AppDelegate.h; sourceTree = "<group>"; };
		BE59F62320F3CFEC0099D6ED /* AppDelegate.m */ = {isa = PBXFileReference; lastKnownFileType = sourcecode.c.objc; path = AppDelegate.m; sourceTree = "<group>"; };
		BE59F62520F3CFEC0099D6ED /* ViewController.h */ = {isa = PBXFileReference; lastKnownFileType = sourcecode.c.h; path = ViewController.h; sourceTree = "<group>"; };
		BE59F62620F3CFEC0099D6ED /* ViewController.m */ = {isa = PBXFileReference; lastKnownFileType = sourcecode.c.objc; path = ViewController.m; sourceTree = "<group>"; };
		BE59F62920F3CFEC0099D6ED /* Base */ = {isa = PBXFileReference; lastKnownFileType = file.storyboard; name = Base; path = Base.lproj/Main.storyboard; sourceTree = "<group>"; };
		BE59F62B20F3CFEE0099D6ED /* Assets.xcassets */ = {isa = PBXFileReference; lastKnownFileType = folder.assetcatalog; path = Assets.xcassets; sourceTree = "<group>"; };
		BE59F62E20F3CFEE0099D6ED /* Base */ = {isa = PBXFileReference; lastKnownFileType = file.storyboard; name = Base; path = Base.lproj/LaunchScreen.storyboard; sourceTree = "<group>"; };
		BE59F63020F3CFEE0099D6ED /* Info.plist */ = {isa = PBXFileReference; lastKnownFileType = text.plist.xml; path = Info.plist; sourceTree = "<group>"; };
		BE59F63120F3CFEE0099D6ED /* main.m */ = {isa = PBXFileReference; lastKnownFileType = sourcecode.c.objc; path = main.m; sourceTree = "<group>"; };
		BE59F63820F3D1300099D6ED /* LoginViewController.h */ = {isa = PBXFileReference; lastKnownFileType = sourcecode.c.h; path = LoginViewController.h; sourceTree = "<group>"; };
		BE59F63920F3D1300099D6ED /* LoginViewController.m */ = {isa = PBXFileReference; lastKnownFileType = sourcecode.c.objc; path = LoginViewController.m; sourceTree = "<group>"; };
		BE59F63B20F3D6C00099D6ED /* ChatViewController.h */ = {isa = PBXFileReference; lastKnownFileType = sourcecode.c.h; path = ChatViewController.h; sourceTree = "<group>"; };
		BE59F63C20F3D6C00099D6ED /* ChatViewController.m */ = {isa = PBXFileReference; lastKnownFileType = sourcecode.c.objc; path = ChatViewController.m; sourceTree = "<group>"; };
/* End PBXFileReference section */

/* Begin PBXFrameworksBuildPhase section */
		BE59F61C20F3CFEC0099D6ED /* Frameworks */ = {
			isa = PBXFrameworksBuildPhase;
			buildActionMask = 2147483647;
			files = (
				60491551CB2F774175D36A65 /* libPods-ParseChat.a in Frameworks */,
			);
			runOnlyForDeploymentPostprocessing = 0;
		};
/* End PBXFrameworksBuildPhase section */

/* Begin PBXGroup section */
		952DBF80BDA311EDF021FAC5 /* Frameworks */ = {
			isa = PBXGroup;
			children = (
				14FD4406E44092A01BF860E3 /* libPods-ParseChat.a */,
			);
			name = Frameworks;
			sourceTree = "<group>";
		};
		98C93D3E0D18510A030C79E7 /* Pods */ = {
			isa = PBXGroup;
			children = (
				5F76241A5D545BF7A4CA3C93 /* Pods-ParseChat.debug.xcconfig */,
				5FEABAF2D85083CBFFAFB85B /* Pods-ParseChat.release.xcconfig */,
			);
			name = Pods;
			sourceTree = "<group>";
		};
		BE59F61620F3CFEC0099D6ED = {
			isa = PBXGroup;
			children = (
				BE59F62120F3CFEC0099D6ED /* ParseChat */,
				BE59F62020F3CFEC0099D6ED /* Products */,
				98C93D3E0D18510A030C79E7 /* Pods */,
				952DBF80BDA311EDF021FAC5 /* Frameworks */,
			);
			sourceTree = "<group>";
		};
		BE59F62020F3CFEC0099D6ED /* Products */ = {
			isa = PBXGroup;
			children = (
				BE59F61F20F3CFEC0099D6ED /* ParseChat.app */,
			);
			name = Products;
			sourceTree = "<group>";
		};
		BE59F62120F3CFEC0099D6ED /* ParseChat */ = {
			isa = PBXGroup;
			children = (
				BE59F62220F3CFEC0099D6ED /* AppDelegate.h */,
				BE59F62320F3CFEC0099D6ED /* AppDelegate.m */,
				BE59F62520F3CFEC0099D6ED /* ViewController.h */,
				BE59F62620F3CFEC0099D6ED /* ViewController.m */,
				BE59F62820F3CFEC0099D6ED /* Main.storyboard */,
				BE59F62B20F3CFEE0099D6ED /* Assets.xcassets */,
				BE59F62D20F3CFEE0099D6ED /* LaunchScreen.storyboard */,
				BE59F63020F3CFEE0099D6ED /* Info.plist */,
				BE59F63120F3CFEE0099D6ED /* main.m */,
				BE59F63820F3D1300099D6ED /* LoginViewController.h */,
				BE59F63920F3D1300099D6ED /* LoginViewController.m */,
				BE59F63B20F3D6C00099D6ED /* ChatViewController.h */,
				BE59F63C20F3D6C00099D6ED /* ChatViewController.m */,
				BE3A3F1720F3DBFB0073BCDB /* ChatCell.h */,
				BE3A3F1820F3DBFB0073BCDB /* ChatCell.m */,
			);
			path = ParseChat;
			sourceTree = "<group>";
		};
/* End PBXGroup section */

/* Begin PBXNativeTarget section */
		BE59F61E20F3CFEC0099D6ED /* ParseChat */ = {
			isa = PBXNativeTarget;
			buildConfigurationList = BE59F63520F3CFEE0099D6ED /* Build configuration list for PBXNativeTarget "ParseChat" */;
			buildPhases = (
				7638042640714DEEFF00EE17 /* [CP] Check Pods Manifest.lock */,
				BE59F61B20F3CFEC0099D6ED /* Sources */,
				BE59F61C20F3CFEC0099D6ED /* Frameworks */,
				BE59F61D20F3CFEC0099D6ED /* Resources */,
				37F07B42505B34190ECD470A /* [CP] Copy Pods Resources */,
			);
			buildRules = (
			);
			dependencies = (
			);
			name = ParseChat;
			productName = ParseChat;
			productReference = BE59F61F20F3CFEC0099D6ED /* ParseChat.app */;
			productType = "com.apple.product-type.application";
		};
/* End PBXNativeTarget section */

/* Begin PBXProject section */
		BE59F61720F3CFEC0099D6ED /* Project object */ = {
			isa = PBXProject;
			attributes = {
				LastUpgradeCheck = 0940;
				ORGANIZATIONNAME = "Riley Schnee";
				TargetAttributes = {
					BE59F61E20F3CFEC0099D6ED = {
						CreatedOnToolsVersion = 9.4.1;
					};
				};
			};
			buildConfigurationList = BE59F61A20F3CFEC0099D6ED /* Build configuration list for PBXProject "ParseChat" */;
			compatibilityVersion = "Xcode 9.3";
			developmentRegion = en;
			hasScannedForEncodings = 0;
			knownRegions = (
				en,
				Base,
			);
			mainGroup = BE59F61620F3CFEC0099D6ED;
			productRefGroup = BE59F62020F3CFEC0099D6ED /* Products */;
			projectDirPath = "";
			projectRoot = "";
			targets = (
				BE59F61E20F3CFEC0099D6ED /* ParseChat */,
			);
		};
/* End PBXProject section */

/* Begin PBXResourcesBuildPhase section */
		BE59F61D20F3CFEC0099D6ED /* Resources */ = {
			isa = PBXResourcesBuildPhase;
			buildActionMask = 2147483647;
			files = (
				BE59F62F20F3CFEE0099D6ED /* LaunchScreen.storyboard in Resources */,
				BE59F62C20F3CFEE0099D6ED /* Assets.xcassets in Resources */,
				BE59F62A20F3CFEC0099D6ED /* Main.storyboard in Resources */,
			);
			runOnlyForDeploymentPostprocessing = 0;
		};
/* End PBXResourcesBuildPhase section */

/* Begin PBXShellScriptBuildPhase section */
		37F07B42505B34190ECD470A /* [CP] Copy Pods Resources */ = {
			isa = PBXShellScriptBuildPhase;
			buildActionMask = 2147483647;
			files = (
			);
			inputPaths = (
				"${SRCROOT}/Pods/Target Support Files/Pods-ParseChat/Pods-ParseChat-resources.sh",
				"${PODS_CONFIGURATION_BUILD_DIR}/Parse/Parse.bundle",
			);
			name = "[CP] Copy Pods Resources";
			outputPaths = (
				"${TARGET_BUILD_DIR}/${UNLOCALIZED_RESOURCES_FOLDER_PATH}/Parse.bundle",
			);
			runOnlyForDeploymentPostprocessing = 0;
			shellPath = /bin/sh;
			shellScript = "\"${SRCROOT}/Pods/Target Support Files/Pods-ParseChat/Pods-ParseChat-resources.sh\"\n";
			showEnvVarsInLog = 0;
		};
		7638042640714DEEFF00EE17 /* [CP] Check Pods Manifest.lock */ = {
			isa = PBXShellScriptBuildPhase;
			buildActionMask = 2147483647;
			files = (
			);
			inputPaths = (
				"${PODS_PODFILE_DIR_PATH}/Podfile.lock",
				"${PODS_ROOT}/Manifest.lock",
			);
			name = "[CP] Check Pods Manifest.lock";
			outputPaths = (
				"$(DERIVED_FILE_DIR)/Pods-ParseChat-checkManifestLockResult.txt",
			);
			runOnlyForDeploymentPostprocessing = 0;
			shellPath = /bin/sh;
			shellScript = "diff \"${PODS_PODFILE_DIR_PATH}/Podfile.lock\" \"${PODS_ROOT}/Manifest.lock\" > /dev/null\nif [ $? != 0 ] ; then\n    # print error to STDERR\n    echo \"error: The sandbox is not in sync with the Podfile.lock. Run 'pod install' or update your CocoaPods installation.\" >&2\n    exit 1\nfi\n# This output is used by Xcode 'outputs' to avoid re-running this script phase.\necho \"SUCCESS\" > \"${SCRIPT_OUTPUT_FILE_0}\"\n";
			showEnvVarsInLog = 0;
		};
/* End PBXShellScriptBuildPhase section */

/* Begin PBXSourcesBuildPhase section */
		BE59F61B20F3CFEC0099D6ED /* Sources */ = {
			isa = PBXSourcesBuildPhase;
			buildActionMask = 2147483647;
			files = (
				BE59F63A20F3D1300099D6ED /* LoginViewController.m in Sources */,
				BE59F62720F3CFEC0099D6ED /* ViewController.m in Sources */,
				BE59F63D20F3D6C00099D6ED /* ChatViewController.m in Sources */,
				BE3A3F1920F3DBFB0073BCDB /* ChatCell.m in Sources */,
				BE59F63220F3CFEE0099D6ED /* main.m in Sources */,
				BE59F62420F3CFEC0099D6ED /* AppDelegate.m in Sources */,
			);
			runOnlyForDeploymentPostprocessing = 0;
		};
/* End PBXSourcesBuildPhase section */

/* Begin PBXVariantGroup section */
		BE59F62820F3CFEC0099D6ED /* Main.storyboard */ = {
			isa = PBXVariantGroup;
			children = (
				BE59F62920F3CFEC0099D6ED /* Base */,
			);
			name = Main.storyboard;
			sourceTree = "<group>";
		};
		BE59F62D20F3CFEE0099D6ED /* LaunchScreen.storyboard */ = {
			isa = PBXVariantGroup;
			children = (
				BE59F62E20F3CFEE0099D6ED /* Base */,
			);
			name = LaunchScreen.storyboard;
			sourceTree = "<group>";
		};
/* End PBXVariantGroup section */

/* Begin XCBuildConfiguration section */
		BE59F63320F3CFEE0099D6ED /* Debug */ = {
			isa = XCBuildConfiguration;
			buildSettings = {
				ALWAYS_SEARCH_USER_PATHS = NO;
				CLANG_ANALYZER_NONNULL = YES;
				CLANG_ANALYZER_NUMBER_OBJECT_CONVERSION = YES_AGGRESSIVE;
				CLANG_CXX_LANGUAGE_STANDARD = "gnu++14";
				CLANG_CXX_LIBRARY = "libc++";
				CLANG_ENABLE_MODULES = YES;
				CLANG_ENABLE_OBJC_ARC = YES;
				CLANG_ENABLE_OBJC_WEAK = YES;
				CLANG_WARN_BLOCK_CAPTURE_AUTORELEASING = YES;
				CLANG_WARN_BOOL_CONVERSION = YES;
				CLANG_WARN_COMMA = YES;
				CLANG_WARN_CONSTANT_CONVERSION = YES;
				CLANG_WARN_DEPRECATED_OBJC_IMPLEMENTATIONS = YES;
				CLANG_WARN_DIRECT_OBJC_ISA_USAGE = YES_ERROR;
				CLANG_WARN_DOCUMENTATION_COMMENTS = YES;
				CLANG_WARN_EMPTY_BODY = YES;
				CLANG_WARN_ENUM_CONVERSION = YES;
				CLANG_WARN_INFINITE_RECURSION = YES;
				CLANG_WARN_INT_CONVERSION = YES;
				CLANG_WARN_NON_LITERAL_NULL_CONVERSION = YES;
				CLANG_WARN_OBJC_IMPLICIT_RETAIN_SELF = YES;
				CLANG_WARN_OBJC_LITERAL_CONVERSION = YES;
				CLANG_WARN_OBJC_ROOT_CLASS = YES_ERROR;
				CLANG_WARN_RANGE_LOOP_ANALYSIS = YES;
				CLANG_WARN_STRICT_PROTOTYPES = YES;
				CLANG_WARN_SUSPICIOUS_MOVE = YES;
				CLANG_WARN_UNGUARDED_AVAILABILITY = YES_AGGRESSIVE;
				CLANG_WARN_UNREACHABLE_CODE = YES;
				CLANG_WARN__DUPLICATE_METHOD_MATCH = YES;
				CODE_SIGN_IDENTITY = "iPhone Developer";
				COPY_PHASE_STRIP = NO;
				DEBUG_INFORMATION_FORMAT = dwarf;
				ENABLE_STRICT_OBJC_MSGSEND = YES;
				ENABLE_TESTABILITY = YES;
				GCC_C_LANGUAGE_STANDARD = gnu11;
				GCC_DYNAMIC_NO_PIC = NO;
				GCC_NO_COMMON_BLOCKS = YES;
				GCC_OPTIMIZATION_LEVEL = 0;
				GCC_PREPROCESSOR_DEFINITIONS = (
					"DEBUG=1",
					"$(inherited)",
				);
				GCC_WARN_64_TO_32_BIT_CONVERSION = YES;
				GCC_WARN_ABOUT_RETURN_TYPE = YES_ERROR;
				GCC_WARN_UNDECLARED_SELECTOR = YES;
				GCC_WARN_UNINITIALIZED_AUTOS = YES_AGGRESSIVE;
				GCC_WARN_UNUSED_FUNCTION = YES;
				GCC_WARN_UNUSED_VARIABLE = YES;
				IPHONEOS_DEPLOYMENT_TARGET = 11.4;
				MTL_ENABLE_DEBUG_INFO = YES;
				ONLY_ACTIVE_ARCH = YES;
				SDKROOT = iphoneos;
			};
			name = Debug;
		};
		BE59F63420F3CFEE0099D6ED /* Release */ = {
			isa = XCBuildConfiguration;
			buildSettings = {
				ALWAYS_SEARCH_USER_PATHS = NO;
				CLANG_ANALYZER_NONNULL = YES;
				CLANG_ANALYZER_NUMBER_OBJECT_CONVERSION = YES_AGGRESSIVE;
				CLANG_CXX_LANGUAGE_STANDARD = "gnu++14";
				CLANG_CXX_LIBRARY = "libc++";
				CLANG_ENABLE_MODULES = YES;
				CLANG_ENABLE_OBJC_ARC = YES;
				CLANG_ENABLE_OBJC_WEAK = YES;
				CLANG_WARN_BLOCK_CAPTURE_AUTORELEASING = YES;
				CLANG_WARN_BOOL_CONVERSION = YES;
				CLANG_WARN_COMMA = YES;
				CLANG_WARN_CONSTANT_CONVERSION = YES;
				CLANG_WARN_DEPRECATED_OBJC_IMPLEMENTATIONS = YES;
				CLANG_WARN_DIRECT_OBJC_ISA_USAGE = YES_ERROR;
				CLANG_WARN_DOCUMENTATION_COMMENTS = YES;
				CLANG_WARN_EMPTY_BODY = YES;
				CLANG_WARN_ENUM_CONVERSION = YES;
				CLANG_WARN_INFINITE_RECURSION = YES;
				CLANG_WARN_INT_CONVERSION = YES;
				CLANG_WARN_NON_LITERAL_NULL_CONVERSION = YES;
				CLANG_WARN_OBJC_IMPLICIT_RETAIN_SELF = YES;
				CLANG_WARN_OBJC_LITERAL_CONVERSION = YES;
				CLANG_WARN_OBJC_ROOT_CLASS = YES_ERROR;
				CLANG_WARN_RANGE_LOOP_ANALYSIS = YES;
				CLANG_WARN_STRICT_PROTOTYPES = YES;
				CLANG_WARN_SUSPICIOUS_MOVE = YES;
				CLANG_WARN_UNGUARDED_AVAILABILITY = YES_AGGRESSIVE;
				CLANG_WARN_UNREACHABLE_CODE = YES;
				CLANG_WARN__DUPLICATE_METHOD_MATCH = YES;
				CODE_SIGN_IDENTITY = "iPhone Developer";
				COPY_PHASE_STRIP = NO;
				DEBUG_INFORMATION_FORMAT = "dwarf-with-dsym";
				ENABLE_NS_ASSERTIONS = NO;
				ENABLE_STRICT_OBJC_MSGSEND = YES;
				GCC_C_LANGUAGE_STANDARD = gnu11;
				GCC_NO_COMMON_BLOCKS = YES;
				GCC_WARN_64_TO_32_BIT_CONVERSION = YES;
				GCC_WARN_ABOUT_RETURN_TYPE = YES_ERROR;
				GCC_WARN_UNDECLARED_SELECTOR = YES;
				GCC_WARN_UNINITIALIZED_AUTOS = YES_AGGRESSIVE;
				GCC_WARN_UNUSED_FUNCTION = YES;
				GCC_WARN_UNUSED_VARIABLE = YES;
				IPHONEOS_DEPLOYMENT_TARGET = 11.4;
				MTL_ENABLE_DEBUG_INFO = NO;
				SDKROOT = iphoneos;
				VALIDATE_PRODUCT = YES;
			};
			name = Release;
		};
		BE59F63620F3CFEE0099D6ED /* Debug */ = {
			isa = XCBuildConfiguration;
			baseConfigurationReference = 5F76241A5D545BF7A4CA3C93 /* Pods-ParseChat.debug.xcconfig */;
			buildSettings = {
				ASSETCATALOG_COMPILER_APPICON_NAME = AppIcon;
				CODE_SIGN_STYLE = Automatic;
				DEVELOPMENT_TEAM = 8E3CSXA9JT;
				INFOPLIST_FILE = ParseChat/Info.plist;
				LD_RUNPATH_SEARCH_PATHS = (
					"$(inherited)",
					"@executable_path/Frameworks",
				);
				PRODUCT_BUNDLE_IDENTIFIER = rileyschnee.ParseChat;
				PRODUCT_NAME = "$(TARGET_NAME)";
				TARGETED_DEVICE_FAMILY = "1,2";
			};
			name = Debug;
		};
		BE59F63720F3CFEE0099D6ED /* Release */ = {
			isa = XCBuildConfiguration;
			baseConfigurationReference = 5FEABAF2D85083CBFFAFB85B /* Pods-ParseChat.release.xcconfig */;
			buildSettings = {
				ASSETCATALOG_COMPILER_APPICON_NAME = AppIcon;
				CODE_SIGN_STYLE = Automatic;
				DEVELOPMENT_TEAM = 8E3CSXA9JT;
				INFOPLIST_FILE = ParseChat/Info.plist;
				LD_RUNPATH_SEARCH_PATHS = (
					"$(inherited)",
					"@executable_path/Frameworks",
				);
				PRODUCT_BUNDLE_IDENTIFIER = rileyschnee.ParseChat;
				PRODUCT_NAME = "$(TARGET_NAME)";
				TARGETED_DEVICE_FAMILY = "1,2";
			};
			name = Release;
		};
/* End XCBuildConfiguration section */

/* Begin XCConfigurationList section */
		BE59F61A20F3CFEC0099D6ED /* Build configuration list for PBXProject "ParseChat" */ = {
			isa = XCConfigurationList;
			buildConfigurations = (
				BE59F63320F3CFEE0099D6ED /* Debug */,
				BE59F63420F3CFEE0099D6ED /* Release */,
			);
			defaultConfigurationIsVisible = 0;
			defaultConfigurationName = Release;
		};
		BE59F63520F3CFEE0099D6ED /* Build configuration list for PBXNativeTarget "ParseChat" */ = {
			isa = XCConfigurationList;
			buildConfigurations = (
				BE59F63620F3CFEE0099D6ED /* Debug */,
				BE59F63720F3CFEE0099D6ED /* Release */,
			);
			defaultConfigurationIsVisible = 0;
			defaultConfigurationName = Release;
		};
/* End XCConfigurationList section */
	};
	rootObject = BE59F61720F3CFEC0099D6ED /* Project object */;
}
